
Microsoft Visual Studio Solution File, Format Version 11.00
# Visual Studio 2010
Project("{FAE04EC0-301F-11D3-BF4B-00C04F79EFBC}") = "Gen4.QuckbooksImport", "Gen4.QuckbooksImport\Gen4.QuckbooksImport.csproj", "{1A019593-06F9-4F69-A24D-A32D09D03D03}"
EndProject
Global
	GlobalSection(SolutionConfigurationPlatforms) = preSolution
		Debug|x86 = Debug|x86
		Release|x86 = Release|x86
	EndGlobalSection
	GlobalSection(ProjectConfigurationPlatforms) = postSolution
		{1A019593-06F9-4F69-A24D-A32D09D03D03}.Debug|x86.ActiveCfg = Debug|x86
		{1A019593-06F9-4F69-A24D-A32D09D03D03}.Debug|x86.Build.0 = Debug|x86
		{1A019593-06F9-4F69-A24D-A32D09D03D03}.Release|x86.ActiveCfg = Release|x86
		{1A019593-06F9-4F69-A24D-A32D09D03D03}.Release|x86.Build.0 = Release|x86
	EndGlobalSection
	GlobalSection(SolutionProperties) = preSolution
		HideSolutionNode = FALSE
	EndGlobalSection
EndGlobal
